// !$*UTF8*$!
{
	archiveVersion = 1;
	classes = {
	};
	objectVersion = 55;
	objects = {

/* Begin PBXBuildFile section */
		2428339126FBBEA500684D11 /* AudioManagerViewModel.swift in Sources */ = {isa = PBXBuildFile; fileRef = 2428339026FBBEA500684D11 /* AudioManagerViewModel.swift */; };
		24A0116C26FA67D4007957B8 /* FootballSwiftUIApp.swift in Sources */ = {isa = PBXBuildFile; fileRef = 24A0116B26FA67D4007957B8 /* FootballSwiftUIApp.swift */; };
		24A0116E26FA67D4007957B8 /* ContentView.swift in Sources */ = {isa = PBXBuildFile; fileRef = 24A0116D26FA67D4007957B8 /* ContentView.swift */; };
		24A0117326FA67D7007957B8 /* Preview Assets.xcassets in Resources */ = {isa = PBXBuildFile; fileRef = 24A0117226FA67D7007957B8 /* Preview Assets.xcassets */; };
		24A0119226FA68ED007957B8 /* TeamsViewModel.swift in Sources */ = {isa = PBXBuildFile; fileRef = 24A0117B26FA68ED007957B8 /* TeamsViewModel.swift */; };
		24A0119326FA68ED007957B8 /* burnley.mp3 in Resources */ = {isa = PBXBuildFile; fileRef = 24A0117E26FA68ED007957B8 /* burnley.mp3 */; };
		24A0119426FA68ED007957B8 /* newcastle.mp3 in Resources */ = {isa = PBXBuildFile; fileRef = 24A0117F26FA68ED007957B8 /* newcastle.mp3 */; };
		24A0119526FA68EE007957B8 /* sheffield.mp3 in Resources */ = {isa = PBXBuildFile; fileRef = 24A0118026FA68ED007957B8 /* sheffield.mp3 */; };
		24A0119626FA68EE007957B8 /* west_brom.mp3 in Resources */ = {isa = PBXBuildFile; fileRef = 24A0118126FA68ED007957B8 /* west_brom.mp3 */; };
		24A0119726FA68EE007957B8 /* wolves.mp3 in Resources */ = {isa = PBXBuildFile; fileRef = 24A0118226FA68ED007957B8 /* wolves.mp3 */; };
		24A0119826FA68EE007957B8 /* aston_villa.mp3 in Resources */ = {isa = PBXBuildFile; fileRef = 24A0118326FA68ED007957B8 /* aston_villa.mp3 */; };
		24A0119926FA68EE007957B8 /* fulham.mp3 in Resources */ = {isa = PBXBuildFile; fileRef = 24A0118426FA68ED007957B8 /* fulham.mp3 */; };
		24A0119A26FA68EE007957B8 /* southampton.mp3 in Resources */ = {isa = PBXBuildFile; fileRef = 24A0118526FA68ED007957B8 /* southampton.mp3 */; };
		24A0119B26FA68EE007957B8 /* chelsea.mp3 in Resources */ = {isa = PBXBuildFile; fileRef = 24A0118626FA68ED007957B8 /* chelsea.mp3 */; };
		24A0119C26FA68EE007957B8 /* leeds.mp3 in Resources */ = {isa = PBXBuildFile; fileRef = 24A0118726FA68ED007957B8 /* leeds.mp3 */; };
		24A0119D26FA68EE007957B8 /* palace.mp3 in Resources */ = {isa = PBXBuildFile; fileRef = 24A0118826FA68ED007957B8 /* palace.mp3 */; };
		24A0119E26FA68EE007957B8 /* tottenham.mp3 in Resources */ = {isa = PBXBuildFile; fileRef = 24A0118926FA68ED007957B8 /* tottenham.mp3 */; };
		24A0119F26FA68EE007957B8 /* brighton.mp3 in Resources */ = {isa = PBXBuildFile; fileRef = 24A0118A26FA68ED007957B8 /* brighton.mp3 */; };
		24A011A026FA68EE007957B8 /* leicester.mp3 in Resources */ = {isa = PBXBuildFile; fileRef = 24A0118B26FA68ED007957B8 /* leicester.mp3 */; };
		24A011A126FA68EE007957B8 /* manchester_city.mp3 in Resources */ = {isa = PBXBuildFile; fileRef = 24A0118C26FA68ED007957B8 /* manchester_city.mp3 */; };
		24A011A226FA68EE007957B8 /* manchester_united.mp3 in Resources */ = {isa = PBXBuildFile; fileRef = 24A0118D26FA68ED007957B8 /* manchester_united.mp3 */; };
		24A011A326FA68EE007957B8 /* arsenal.mp3 in Resources */ = {isa = PBXBuildFile; fileRef = 24A0118E26FA68ED007957B8 /* arsenal.mp3 */; };
		24A011A426FA68EE007957B8 /* everton.mp3 in Resources */ = {isa = PBXBuildFile; fileRef = 24A0118F26FA68ED007957B8 /* everton.mp3 */; };
		24A011A526FA68EE007957B8 /* Teams.swift in Sources */ = {isa = PBXBuildFile; fileRef = 24A0119026FA68ED007957B8 /* Teams.swift */; };
		24A011A626FA68EE007957B8 /* Assets.xcassets in Resources */ = {isa = PBXBuildFile; fileRef = 24A0119126FA68ED007957B8 /* Assets.xcassets */; };
		24A011A826FA6B32007957B8 /* Team.swift in Sources */ = {isa = PBXBuildFile; fileRef = 24A011A726FA6B32007957B8 /* Team.swift */; };
		24A011AB26FA6C8B007957B8 /* Manager.swift in Sources */ = {isa = PBXBuildFile; fileRef = 24A011AA26FA6C8B007957B8 /* Manager.swift */; };
		24A011AE26FA980D007957B8 /* TeamCardModifiers.swift in Sources */ = {isa = PBXBuildFile; fileRef = 24A011AD26FA980D007957B8 /* TeamCardModifiers.swift */; };
		24A011B126FA9AA6007957B8 /* TeamCardView.swift in Sources */ = {isa = PBXBuildFile; fileRef = 24A011B026FA9AA6007957B8 /* TeamCardView.swift */; };
/* End PBXBuildFile section */

/* Begin PBXFileReference section */
		2428339026FBBEA500684D11 /* AudioManagerViewModel.swift */ = {isa = PBXFileReference; lastKnownFileType = sourcecode.swift; path = AudioManagerViewModel.swift; sourceTree = "<group>"; };
		24A0116826FA67D4007957B8 /* FootballSwiftUI.app */ = {isa = PBXFileReference; explicitFileType = wrapper.application; includeInIndex = 0; path = FootballSwiftUI.app; sourceTree = BUILT_PRODUCTS_DIR; };
		24A0116B26FA67D4007957B8 /* FootballSwiftUIApp.swift */ = {isa = PBXFileReference; lastKnownFileType = sourcecode.swift; path = FootballSwiftUIApp.swift; sourceTree = "<group>"; };
		24A0116D26FA67D4007957B8 /* ContentView.swift */ = {isa = PBXFileReference; lastKnownFileType = sourcecode.swift; path = ContentView.swift; sourceTree = "<group>"; };
		24A0117226FA67D7007957B8 /* Preview Assets.xcassets */ = {isa = PBXFileReference; lastKnownFileType = folder.assetcatalog; path = "Preview Assets.xcassets"; sourceTree = "<group>"; };
		24A0117B26FA68ED007957B8 /* TeamsViewModel.swift */ = {isa = PBXFileReference; fileEncoding = 4; lastKnownFileType = sourcecode.swift; path = TeamsViewModel.swift; sourceTree = "<group>"; };
		24A0117E26FA68ED007957B8 /* burnley.mp3 */ = {isa = PBXFileReference; lastKnownFileType = audio.mp3; path = burnley.mp3; sourceTree = "<group>"; };
		24A0117F26FA68ED007957B8 /* newcastle.mp3 */ = {isa = PBXFileReference; lastKnownFileType = audio.mp3; path = newcastle.mp3; sourceTree = "<group>"; };
		24A0118026FA68ED007957B8 /* sheffield.mp3 */ = {isa = PBXFileReference; lastKnownFileType = audio.mp3; path = sheffield.mp3; sourceTree = "<group>"; };
		24A0118126FA68ED007957B8 /* west_brom.mp3 */ = {isa = PBXFileReference; lastKnownFileType = audio.mp3; path = west_brom.mp3; sourceTree = "<group>"; };
		24A0118226FA68ED007957B8 /* wolves.mp3 */ = {isa = PBXFileReference; lastKnownFileType = audio.mp3; path = wolves.mp3; sourceTree = "<group>"; };
		24A0118326FA68ED007957B8 /* aston_villa.mp3 */ = {isa = PBXFileReference; lastKnownFileType = audio.mp3; path = aston_villa.mp3; sourceTree = "<group>"; };
		24A0118426FA68ED007957B8 /* fulham.mp3 */ = {isa = PBXFileReference; lastKnownFileType = audio.mp3; path = fulham.mp3; sourceTree = "<group>"; };
		24A0118526FA68ED007957B8 /* southampton.mp3 */ = {isa = PBXFileReference; lastKnownFileType = audio.mp3; path = southampton.mp3; sourceTree = "<group>"; };
		24A0118626FA68ED007957B8 /* chelsea.mp3 */ = {isa = PBXFileReference; lastKnownFileType = audio.mp3; path = chelsea.mp3; sourceTree = "<group>"; };
		24A0118726FA68ED007957B8 /* leeds.mp3 */ = {isa = PBXFileReference; lastKnownFileType = audio.mp3; path = leeds.mp3; sourceTree = "<group>"; };
		24A0118826FA68ED007957B8 /* palace.mp3 */ = {isa = PBXFileReference; lastKnownFileType = audio.mp3; path = palace.mp3; sourceTree = "<group>"; };
		24A0118926FA68ED007957B8 /* tottenham.mp3 */ = {isa = PBXFileReference; lastKnownFileType = audio.mp3; path = tottenham.mp3; sourceTree = "<group>"; };
		24A0118A26FA68ED007957B8 /* brighton.mp3 */ = {isa = PBXFileReference; lastKnownFileType = audio.mp3; path = brighton.mp3; sourceTree = "<group>"; };
		24A0118B26FA68ED007957B8 /* leicester.mp3 */ = {isa = PBXFileReference; lastKnownFileType = audio.mp3; path = leicester.mp3; sourceTree = "<group>"; };
		24A0118C26FA68ED007957B8 /* manchester_city.mp3 */ = {isa = PBXFileReference; lastKnownFileType = audio.mp3; path = manchester_city.mp3; sourceTree = "<group>"; };
		24A0118D26FA68ED007957B8 /* manchester_united.mp3 */ = {isa = PBXFileReference; lastKnownFileType = audio.mp3; path = manchester_united.mp3; sourceTree = "<group>"; };
		24A0118E26FA68ED007957B8 /* arsenal.mp3 */ = {isa = PBXFileReference; lastKnownFileType = audio.mp3; path = arsenal.mp3; sourceTree = "<group>"; };
		24A0118F26FA68ED007957B8 /* everton.mp3 */ = {isa = PBXFileReference; lastKnownFileType = audio.mp3; path = everton.mp3; sourceTree = "<group>"; };
		24A0119026FA68ED007957B8 /* Teams.swift */ = {isa = PBXFileReference; fileEncoding = 4; lastKnownFileType = sourcecode.swift; path = Teams.swift; sourceTree = "<group>"; };
		24A0119126FA68ED007957B8 /* Assets.xcassets */ = {isa = PBXFileReference; lastKnownFileType = folder.assetcatalog; path = Assets.xcassets; sourceTree = "<group>"; };
		24A011A726FA6B32007957B8 /* Team.swift */ = {isa = PBXFileReference; lastKnownFileType = sourcecode.swift; path = Team.swift; sourceTree = "<group>"; };
		24A011AA26FA6C8B007957B8 /* Manager.swift */ = {isa = PBXFileReference; lastKnownFileType = sourcecode.swift; path = Manager.swift; sourceTree = "<group>"; };
		24A011AD26FA980D007957B8 /* TeamCardModifiers.swift */ = {isa = PBXFileReference; lastKnownFileType = sourcecode.swift; path = TeamCardModifiers.swift; sourceTree = "<group>"; };
		24A011B026FA9AA6007957B8 /* TeamCardView.swift */ = {isa = PBXFileReference; lastKnownFileType = sourcecode.swift; path = TeamCardView.swift; sourceTree = "<group>"; };
/* End PBXFileReference section */

/* Begin PBXFrameworksBuildPhase section */
		24A0116526FA67D4007957B8 /* Frameworks */ = {
			isa = PBXFrameworksBuildPhase;
			buildActionMask = 2147483647;
			files = (
			);
			runOnlyForDeploymentPostprocessing = 0;
		};
/* End PBXFrameworksBuildPhase section */

/* Begin PBXGroup section */
		24A0115F26FA67D4007957B8 = {
			isa = PBXGroup;
			children = (
				24A0116A26FA67D4007957B8 /* FootballSwiftUI */,
				24A0116926FA67D4007957B8 /* Products */,
			);
			sourceTree = "<group>";
		};
		24A0116926FA67D4007957B8 /* Products */ = {
			isa = PBXGroup;
			children = (
				24A0116826FA67D4007957B8 /* FootballSwiftUI.app */,
			);
			name = Products;
			sourceTree = "<group>";
		};
		24A0116A26FA67D4007957B8 /* FootballSwiftUI */ = {
			isa = PBXGroup;
			children = (
				24A011AF26FA9A83007957B8 /* Views */,
				24A011AC26FA97D4007957B8 /* Modifiers */,
				24A011A926FA6C69007957B8 /* Model */,
				24A0116B26FA67D4007957B8 /* FootballSwiftUIApp.swift */,
				24A0116D26FA67D4007957B8 /* ContentView.swift */,
				24A0117A26FA68ED007957B8 /* ViewModel */,
				24A0117C26FA68ED007957B8 /* Resources */,
				24A0117126FA67D7007957B8 /* Preview Content */,
				24A0119126FA68ED007957B8 /* Assets.xcassets */,
			);
			path = FootballSwiftUI;
			sourceTree = "<group>";
		};
		24A0117126FA67D7007957B8 /* Preview Content */ = {
			isa = PBXGroup;
			children = (
				24A0117226FA67D7007957B8 /* Preview Assets.xcassets */,
			);
			path = "Preview Content";
			sourceTree = "<group>";
		};
		24A0117A26FA68ED007957B8 /* ViewModel */ = {
			isa = PBXGroup;
			children = (
				24A0117B26FA68ED007957B8 /* TeamsViewModel.swift */,
				2428339026FBBEA500684D11 /* AudioManagerViewModel.swift */,
			);
			path = ViewModel;
			sourceTree = "<group>";
		};
		24A0117C26FA68ED007957B8 /* Resources */ = {
			isa = PBXGroup;
			children = (
				24A0117D26FA68ED007957B8 /* Chants */,
				24A0119026FA68ED007957B8 /* Teams.swift */,
			);
			path = Resources;
			sourceTree = "<group>";
		};
		24A0117D26FA68ED007957B8 /* Chants */ = {
			isa = PBXGroup;
			children = (
				24A0117E26FA68ED007957B8 /* burnley.mp3 */,
				24A0117F26FA68ED007957B8 /* newcastle.mp3 */,
				24A0118026FA68ED007957B8 /* sheffield.mp3 */,
				24A0118126FA68ED007957B8 /* west_brom.mp3 */,
				24A0118226FA68ED007957B8 /* wolves.mp3 */,
				24A0118326FA68ED007957B8 /* aston_villa.mp3 */,
				24A0118426FA68ED007957B8 /* fulham.mp3 */,
				24A0118526FA68ED007957B8 /* southampton.mp3 */,
				24A0118626FA68ED007957B8 /* chelsea.mp3 */,
				24A0118726FA68ED007957B8 /* leeds.mp3 */,
				24A0118826FA68ED007957B8 /* palace.mp3 */,
				24A0118926FA68ED007957B8 /* tottenham.mp3 */,
				24A0118A26FA68ED007957B8 /* brighton.mp3 */,
				24A0118B26FA68ED007957B8 /* leicester.mp3 */,
				24A0118C26FA68ED007957B8 /* manchester_city.mp3 */,
				24A0118D26FA68ED007957B8 /* manchester_united.mp3 */,
				24A0118E26FA68ED007957B8 /* arsenal.mp3 */,
				24A0118F26FA68ED007957B8 /* everton.mp3 */,
			);
			path = Chants;
			sourceTree = "<group>";
		};
		24A011A926FA6C69007957B8 /* Model */ = {
			isa = PBXGroup;
			children = (
				24A011A726FA6B32007957B8 /* Team.swift */,
				24A011AA26FA6C8B007957B8 /* Manager.swift */,
			);
			path = Model;
			sourceTree = "<group>";
		};
		24A011AC26FA97D4007957B8 /* Modifiers */ = {
			isa = PBXGroup;
			children = (
				24A011AD26FA980D007957B8 /* TeamCardModifiers.swift */,
			);
			path = Modifiers;
			sourceTree = "<group>";
		};
		24A011AF26FA9A83007957B8 /* Views */ = {
			isa = PBXGroup;
			children = (
				24A011B026FA9AA6007957B8 /* TeamCardView.swift */,
			);
			path = Views;
			sourceTree = "<group>";
		};
/* End PBXGroup section */

/* Begin PBXNativeTarget section */
		24A0116726FA67D4007957B8 /* FootballSwiftUI */ = {
			isa = PBXNativeTarget;
			buildConfigurationList = 24A0117626FA67D7007957B8 /* Build configuration list for PBXNativeTarget "FootballSwiftUI" */;
			buildPhases = (
				24A0116426FA67D4007957B8 /* Sources */,
				24A0116526FA67D4007957B8 /* Frameworks */,
				24A0116626FA67D4007957B8 /* Resources */,
			);
			buildRules = (
			);
			dependencies = (
			);
			name = FootballSwiftUI;
			productName = FootballSwiftUI;
			productReference = 24A0116826FA67D4007957B8 /* FootballSwiftUI.app */;
			productType = "com.apple.product-type.application";
		};
/* End PBXNativeTarget section */

/* Begin PBXProject section */
		24A0116026FA67D4007957B8 /* Project object */ = {
			isa = PBXProject;
			attributes = {
				BuildIndependentTargetsInParallel = 1;
				LastSwiftUpdateCheck = 1300;
				LastUpgradeCheck = 1300;
				TargetAttributes = {
					24A0116726FA67D4007957B8 = {
						CreatedOnToolsVersion = 13.0;
					};
				};
			};
			buildConfigurationList = 24A0116326FA67D4007957B8 /* Build configuration list for PBXProject "FootballSwiftUI" */;
			compatibilityVersion = "Xcode 13.0";
			developmentRegion = en;
			hasScannedForEncodings = 0;
			knownRegions = (
				en,
				Base,
			);
			mainGroup = 24A0115F26FA67D4007957B8;
			productRefGroup = 24A0116926FA67D4007957B8 /* Products */;
			projectDirPath = "";
			projectRoot = "";
			targets = (
				24A0116726FA67D4007957B8 /* FootballSwiftUI */,
			);
		};
/* End PBXProject section */

/* Begin PBXResourcesBuildPhase section */
		24A0116626FA67D4007957B8 /* Resources */ = {
			isa = PBXResourcesBuildPhase;
			buildActionMask = 2147483647;
			files = (
				24A0119A26FA68EE007957B8 /* southampton.mp3 in Resources */,
				24A0119626FA68EE007957B8 /* west_brom.mp3 in Resources */,
				24A0119426FA68ED007957B8 /* newcastle.mp3 in Resources */,
				24A011A126FA68EE007957B8 /* manchester_city.mp3 in Resources */,
				24A0119526FA68EE007957B8 /* sheffield.mp3 in Resources */,
				24A0119C26FA68EE007957B8 /* leeds.mp3 in Resources */,
				24A011A226FA68EE007957B8 /* manchester_united.mp3 in Resources */,
				24A0119B26FA68EE007957B8 /* chelsea.mp3 in Resources */,
				24A0119D26FA68EE007957B8 /* palace.mp3 in Resources */,
				24A011A026FA68EE007957B8 /* leicester.mp3 in Resources */,
				24A0119326FA68ED007957B8 /* burnley.mp3 in Resources */,
				24A0119826FA68EE007957B8 /* aston_villa.mp3 in Resources */,
				24A0119926FA68EE007957B8 /* fulham.mp3 in Resources */,
				24A011A426FA68EE007957B8 /* everton.mp3 in Resources */,
				24A011A626FA68EE007957B8 /* Assets.xcassets in Resources */,
				24A011A326FA68EE007957B8 /* arsenal.mp3 in Resources */,
				24A0119E26FA68EE007957B8 /* tottenham.mp3 in Resources */,
				24A0119F26FA68EE007957B8 /* brighton.mp3 in Resources */,
				24A0119726FA68EE007957B8 /* wolves.mp3 in Resources */,
				24A0117326FA67D7007957B8 /* Preview Assets.xcassets in Resources */,
			);
			runOnlyForDeploymentPostprocessing = 0;
		};
/* End PBXResourcesBuildPhase section */

/* Begin PBXSourcesBuildPhase section */
		24A0116426FA67D4007957B8 /* Sources */ = {
			isa = PBXSourcesBuildPhase;
			buildActionMask = 2147483647;
			files = (
				24A011AE26FA980D007957B8 /* TeamCardModifiers.swift in Sources */,
				24A011B126FA9AA6007957B8 /* TeamCardView.swift in Sources */,
				24A011A526FA68EE007957B8 /* Teams.swift in Sources */,
				24A011AB26FA6C8B007957B8 /* Manager.swift in Sources */,
				24A0116E26FA67D4007957B8 /* ContentView.swift in Sources */,
				24A0116C26FA67D4007957B8 /* FootballSwiftUIApp.swift in Sources */,
				24A011A826FA6B32007957B8 /* Team.swift in Sources */,
				2428339126FBBEA500684D11 /* AudioManagerViewModel.swift in Sources */,
				24A0119226FA68ED007957B8 /* TeamsViewModel.swift in Sources */,
			);
			runOnlyForDeploymentPostprocessing = 0;
		};
/* End PBXSourcesBuildPhase section */

/* Begin XCBuildConfiguration section */
		24A0117426FA67D7007957B8 /* Debug */ = {
			isa = XCBuildConfiguration;
			buildSettings = {
				ALWAYS_SEARCH_USER_PATHS = NO;
				CLANG_ANALYZER_NONNULL = YES;
				CLANG_ANALYZER_NUMBER_OBJECT_CONVERSION = YES_AGGRESSIVE;
				CLANG_CXX_LANGUAGE_STANDARD = "gnu++17";
				CLANG_CXX_LIBRARY = "libc++";
				CLANG_ENABLE_MODULES = YES;
				CLANG_ENABLE_OBJC_ARC = YES;
				CLANG_ENABLE_OBJC_WEAK = YES;
				CLANG_WARN_BLOCK_CAPTURE_AUTORELEASING = YES;
				CLANG_WARN_BOOL_CONVERSION = YES;
				CLANG_WARN_COMMA = YES;
				CLANG_WARN_CONSTANT_CONVERSION = YES;
				CLANG_WARN_DEPRECATED_OBJC_IMPLEMENTATIONS = YES;
				CLANG_WARN_DIRECT_OBJC_ISA_USAGE = YES_ERROR;
				CLANG_WARN_DOCUMENTATION_COMMENTS = YES;
				CLANG_WARN_EMPTY_BODY = YES;
				CLANG_WARN_ENUM_CONVERSION = YES;
				CLANG_WARN_INFINITE_RECURSION = YES;
				CLANG_WARN_INT_CONVERSION = YES;
				CLANG_WARN_NON_LITERAL_NULL_CONVERSION = YES;
				CLANG_WARN_OBJC_IMPLICIT_RETAIN_SELF = YES;
				CLANG_WARN_OBJC_LITERAL_CONVERSION = YES;
				CLANG_WARN_OBJC_ROOT_CLASS = YES_ERROR;
				CLANG_WARN_QUOTED_INCLUDE_IN_FRAMEWORK_HEADER = YES;
				CLANG_WARN_RANGE_LOOP_ANALYSIS = YES;
				CLANG_WARN_STRICT_PROTOTYPES = YES;
				CLANG_WARN_SUSPICIOUS_MOVE = YES;
				CLANG_WARN_UNGUARDED_AVAILABILITY = YES_AGGRESSIVE;
				CLANG_WARN_UNREACHABLE_CODE = YES;
				CLANG_WARN__DUPLICATE_METHOD_MATCH = YES;
				COPY_PHASE_STRIP = NO;
				DEBUG_INFORMATION_FORMAT = dwarf;
				ENABLE_STRICT_OBJC_MSGSEND = YES;
				ENABLE_TESTABILITY = YES;
				GCC_C_LANGUAGE_STANDARD = gnu11;
				GCC_DYNAMIC_NO_PIC = NO;
				GCC_NO_COMMON_BLOCKS = YES;
				GCC_OPTIMIZATION_LEVEL = 0;
				GCC_PREPROCESSOR_DEFINITIONS = (
					"DEBUG=1",
					"$(inherited)",
				);
				GCC_WARN_64_TO_32_BIT_CONVERSION = YES;
				GCC_WARN_ABOUT_RETURN_TYPE = YES_ERROR;
				GCC_WARN_UNDECLARED_SELECTOR = YES;
				GCC_WARN_UNINITIALIZED_AUTOS = YES_AGGRESSIVE;
				GCC_WARN_UNUSED_FUNCTION = YES;
				GCC_WARN_UNUSED_VARIABLE = YES;
				IPHONEOS_DEPLOYMENT_TARGET = 15.0;
				MTL_ENABLE_DEBUG_INFO = INCLUDE_SOURCE;
				MTL_FAST_MATH = YES;
				ONLY_ACTIVE_ARCH = YES;
				SDKROOT = iphoneos;
				SWIFT_ACTIVE_COMPILATION_CONDITIONS = DEBUG;
				SWIFT_OPTIMIZATION_LEVEL = "-Onone";
			};
			name = Debug;
		};
		24A0117526FA67D7007957B8 /* Release */ = {
			isa = XCBuildConfiguration;
			buildSettings = {
				ALWAYS_SEARCH_USER_PATHS = NO;
				CLANG_ANALYZER_NONNULL = YES;
				CLANG_ANALYZER_NUMBER_OBJECT_CONVERSION = YES_AGGRESSIVE;
				CLANG_CXX_LANGUAGE_STANDARD = "gnu++17";
				CLANG_CXX_LIBRARY = "libc++";
				CLANG_ENABLE_MODULES = YES;
				CLANG_ENABLE_OBJC_ARC = YES;
				CLANG_ENABLE_OBJC_WEAK = YES;
				CLANG_WARN_BLOCK_CAPTURE_AUTORELEASING = YES;
				CLANG_WARN_BOOL_CONVERSION = YES;
				CLANG_WARN_COMMA = YES;
				CLANG_WARN_CONSTANT_CONVERSION = YES;
				CLANG_WARN_DEPRECATED_OBJC_IMPLEMENTATIONS = YES;
				CLANG_WARN_DIRECT_OBJC_ISA_USAGE = YES_ERROR;
				CLANG_WARN_DOCUMENTATION_COMMENTS = YES;
				CLANG_WARN_EMPTY_BODY = YES;
				CLANG_WARN_ENUM_CONVERSION = YES;
				CLANG_WARN_INFINITE_RECURSION = YES;
				CLANG_WARN_INT_CONVERSION = YES;
				CLANG_WARN_NON_LITERAL_NULL_CONVERSION = YES;
				CLANG_WARN_OBJC_IMPLICIT_RETAIN_SELF = YES;
				CLANG_WARN_OBJC_LITERAL_CONVERSION = YES;
				CLANG_WARN_OBJC_ROOT_CLASS = YES_ERROR;
				CLANG_WARN_QUOTED_INCLUDE_IN_FRAMEWORK_HEADER = YES;
				CLANG_WARN_RANGE_LOOP_ANALYSIS = YES;
				CLANG_WARN_STRICT_PROTOTYPES = YES;
				CLANG_WARN_SUSPICIOUS_MOVE = YES;
				CLANG_WARN_UNGUARDED_AVAILABILITY = YES_AGGRESSIVE;
				CLANG_WARN_UNREACHABLE_CODE = YES;
				CLANG_WARN__DUPLICATE_METHOD_MATCH = YES;
				COPY_PHASE_STRIP = NO;
				DEBUG_INFORMATION_FORMAT = "dwarf-with-dsym";
				ENABLE_NS_ASSERTIONS = NO;
				ENABLE_STRICT_OBJC_MSGSEND = YES;
				GCC_C_LANGUAGE_STANDARD = gnu11;
				GCC_NO_COMMON_BLOCKS = YES;
				GCC_WARN_64_TO_32_BIT_CONVERSION = YES;
				GCC_WARN_ABOUT_RETURN_TYPE = YES_ERROR;
				GCC_WARN_UNDECLARED_SELECTOR = YES;
				GCC_WARN_UNINITIALIZED_AUTOS = YES_AGGRESSIVE;
				GCC_WARN_UNUSED_FUNCTION = YES;
				GCC_WARN_UNUSED_VARIABLE = YES;
				IPHONEOS_DEPLOYMENT_TARGET = 15.0;
				MTL_ENABLE_DEBUG_INFO = NO;
				MTL_FAST_MATH = YES;
				SDKROOT = iphoneos;
				SWIFT_COMPILATION_MODE = wholemodule;
				SWIFT_OPTIMIZATION_LEVEL = "-O";
				VALIDATE_PRODUCT = YES;
			};
			name = Release;
		};
		24A0117726FA67D7007957B8 /* Debug */ = {
			isa = XCBuildConfiguration;
			buildSettings = {
				ASSETCATALOG_COMPILER_APPICON_NAME = AppIcon;
				ASSETCATALOG_COMPILER_GLOBAL_ACCENT_COLOR_NAME = AccentColor;
				CODE_SIGN_STYLE = Automatic;
				CURRENT_PROJECT_VERSION = 1;
				DEVELOPMENT_ASSET_PATHS = "\"FootballSwiftUI/Preview Content\"";
				DEVELOPMENT_TEAM = 83X4658Q6Z;
				ENABLE_PREVIEWS = YES;
				GENERATE_INFOPLIST_FILE = YES;
				INFOPLIST_KEY_UIApplicationSceneManifest_Generation = YES;
				INFOPLIST_KEY_UIApplicationSupportsIndirectInputEvents = YES;
				INFOPLIST_KEY_UILaunchScreen_Generation = YES;
				INFOPLIST_KEY_UISupportedInterfaceOrientations_iPad = "UIInterfaceOrientationPortrait UIInterfaceOrientationPortraitUpsideDown UIInterfaceOrientationLandscapeLeft UIInterfaceOrientationLandscapeRight";
				INFOPLIST_KEY_UISupportedInterfaceOrientations_iPhone = "UIInterfaceOrientationPortrait UIInterfaceOrientationLandscapeLeft UIInterfaceOrientationLandscapeRight";
				IPHONEOS_DEPLOYMENT_TARGET = 14.0;
				LD_RUNPATH_SEARCH_PATHS = (
					"$(inherited)",
					"@executable_path/Frameworks",
				);
				MARKETING_VERSION = 1.0;
				PRODUCT_BUNDLE_IDENTIFIER = com.medialab.io.FootballSwiftUI;
				PRODUCT_NAME = "$(TARGET_NAME)";
				SWIFT_EMIT_LOC_STRINGS = YES;
				SWIFT_VERSION = 5.0;
				TARGETED_DEVICE_FAMILY = "1,2";
			};
			name = Debug;
		};
		24A0117826FA67D7007957B8 /* Release */ = {
			isa = XCBuildConfiguration;
			buildSettings = {
				ASSETCATALOG_COMPILER_APPICON_NAME = AppIcon;
				ASSETCATALOG_COMPILER_GLOBAL_ACCENT_COLOR_NAME = AccentColor;
				CODE_SIGN_STYLE = Automatic;
				CURRENT_PROJECT_VERSION = 1;
				DEVELOPMENT_ASSET_PATHS = "\"FootballSwiftUI/Preview Content\"";
				DEVELOPMENT_TEAM = 83X4658Q6Z;
				ENABLE_PREVIEWS = YES;
				GENERATE_INFOPLIST_FILE = YES;
				INFOPLIST_KEY_UIApplicationSceneManifest_Generation = YES;
				INFOPLIST_KEY_UIApplicationSupportsIndirectInputEvents = YES;
				INFOPLIST_KEY_UILaunchScreen_Generation = YES;
				INFOPLIST_KEY_UISupportedInterfaceOrientations_iPad = "UIInterfaceOrientationPortrait UIInterfaceOrientationPortraitUpsideDown UIInterfaceOrientationLandscapeLeft UIInterfaceOrientationLandscapeRight";
				INFOPLIST_KEY_UISupportedInterfaceOrientations_iPhone = "UIInterfaceOrientationPortrait UIInterfaceOrientationLandscapeLeft UIInterfaceOrientationLandscapeRight";
				IPHONEOS_DEPLOYMENT_TARGET = 14.0;
				LD_RUNPATH_SEARCH_PATHS = (
					"$(inherited)",
					"@executable_path/Frameworks",
				);
				MARKETING_VERSION = 1.0;
				PRODUCT_BUNDLE_IDENTIFIER = com.medialab.io.FootballSwiftUI;
				PRODUCT_NAME = "$(TARGET_NAME)";
				SWIFT_EMIT_LOC_STRINGS = YES;
				SWIFT_VERSION = 5.0;
				TARGETED_DEVICE_FAMILY = "1,2";
			};
			name = Release;
		};
/* End XCBuildConfiguration section */

/* Begin XCConfigurationList section */
		24A0116326FA67D4007957B8 /* Build configuration list for PBXProject "FootballSwiftUI" */ = {
			isa = XCConfigurationList;
			buildConfigurations = (
				24A0117426FA67D7007957B8 /* Debug */,
				24A0117526FA67D7007957B8 /* Release */,
			);
			defaultConfigurationIsVisible = 0;
			defaultConfigurationName = Release;
		};
		24A0117626FA67D7007957B8 /* Build configuration list for PBXNativeTarget "FootballSwiftUI" */ = {
			isa = XCConfigurationList;
			buildConfigurations = (
				24A0117726FA67D7007957B8 /* Debug */,
				24A0117826FA67D7007957B8 /* Release */,
			);
			defaultConfigurationIsVisible = 0;
			defaultConfigurationName = Release;
		};
/* End XCConfigurationList section */
	};
	rootObject = 24A0116026FA67D4007957B8 /* Project object */;
}
